
Microsoft Visual Studio Solution File, Format Version 12.00
# Visual Studio Version 17
VisualStudioVersion = 17.0.31903.59
MinimumVisualStudioVersion = 10.0.40219.1
Project("{9A19103F-16F7-4668-BE54-9A1E7A4F7556}") = "SmartHome.WebAPI", "SmartHome.WebAPI\SmartHome.WebAPI.csproj", "{946D27E3-EE41-4AB4-9082-35354D46AD0D}"
EndProject
Project("{FAE04EC0-301F-11D3-BF4B-00C04F79EFBC}") = "SmartHome.Models", "SmartHome.Models\SmartHome.Models.csproj", "{01A5230B-F4FA-4ECE-8864-D9A164B7F088}"
EndProject
Project("{FAE04EC0-301F-11D3-BF4B-00C04F79EFBC}") = "SmartHome.ServerServices", "SmartHome.ServerServices\SmartHome.ServerServices.csproj", "{69908AA6-9F57-47FE-B401-0D5AA1095BE1}"
EndProject
Project("{FAE04EC0-301F-11D3-BF4B-00C04F79EFBC}") = "SmartHome.ClientServices", "SmartHome.ClientServices\SmartHome.ClientServices.csproj", "{EBD2565B-E91E-4AD9-B9F2-EC26450C88BF}"
EndProject
Project("{FAE04EC0-301F-11D3-BF4B-00C04F79EFBC}") = "SmartHome.Website", "SmartHome.Website\SmartHome.Website.csproj", "{045535D2-770F-45A0-9A27-C3A35C96FC0D}"
EndProject
Global
	GlobalSection(SolutionConfigurationPlatforms) = preSolution
		Debug|Any CPU = Debug|Any CPU
		Release|Any CPU = Release|Any CPU
	EndGlobalSection
	GlobalSection(ProjectConfigurationPlatforms) = postSolution
		{946D27E3-EE41-4AB4-9082-35354D46AD0D}.Debug|Any CPU.ActiveCfg = Debug|Any CPU
		{946D27E3-EE41-4AB4-9082-35354D46AD0D}.Debug|Any CPU.Build.0 = Debug|Any CPU
		{946D27E3-EE41-4AB4-9082-35354D46AD0D}.Release|Any CPU.ActiveCfg = Release|Any CPU
		{946D27E3-EE41-4AB4-9082-35354D46AD0D}.Release|Any CPU.Build.0 = Release|Any CPU
		{01A5230B-F4FA-4ECE-8864-D9A164B7F088}.Debug|Any CPU.ActiveCfg = Debug|Any CPU
		{01A5230B-F4FA-4ECE-8864-D9A164B7F088}.Debug|Any CPU.Build.0 = Debug|Any CPU
		{01A5230B-F4FA-4ECE-8864-D9A164B7F088}.Release|Any CPU.ActiveCfg = Release|Any CPU
		{01A5230B-F4FA-4ECE-8864-D9A164B7F088}.Release|Any CPU.Build.0 = Release|Any CPU
		{69908AA6-9F57-47FE-B401-0D5AA1095BE1}.Debug|Any CPU.ActiveCfg = Debug|Any CPU
		{69908AA6-9F57-47FE-B401-0D5AA1095BE1}.Debug|Any CPU.Build.0 = Debug|Any CPU
		{69908AA6-9F57-47FE-B401-0D5AA1095BE1}.Release|Any CPU.ActiveCfg = Release|Any CPU
		{69908AA6-9F57-47FE-B401-0D5AA1095BE1}.Release|Any CPU.Build.0 = Release|Any CPU
		{EBD2565B-E91E-4AD9-B9F2-EC26450C88BF}.Debug|Any CPU.ActiveCfg = Debug|Any CPU
		{EBD2565B-E91E-4AD9-B9F2-EC26450C88BF}.Debug|Any CPU.Build.0 = Debug|Any CPU
		{EBD2565B-E91E-4AD9-B9F2-EC26450C88BF}.Release|Any CPU.ActiveCfg = Release|Any CPU
		{EBD2565B-E91E-4AD9-B9F2-EC26450C88BF}.Release|Any CPU.Build.0 = Release|Any CPU
		{045535D2-770F-45A0-9A27-C3A35C96FC0D}.Debug|Any CPU.ActiveCfg = Debug|Any CPU
		{045535D2-770F-45A0-9A27-C3A35C96FC0D}.Debug|Any CPU.Build.0 = Debug|Any CPU
		{045535D2-770F-45A0-9A27-C3A35C96FC0D}.Release|Any CPU.ActiveCfg = Release|Any CPU
		{045535D2-770F-45A0-9A27-C3A35C96FC0D}.Release|Any CPU.Build.0 = Release|Any CPU
	EndGlobalSection
	GlobalSection(SolutionProperties) = preSolution
		HideSolutionNode = FALSE
	EndGlobalSection
	GlobalSection(ExtensibilityGlobals) = postSolution
		SolutionGuid = {19E250A1-B341-4916-9935-615C0111A751}
	EndGlobalSection
EndGlobal
